# This file was autogenerated by uv via the following command:
#    uv pip compile pyproject.toml --group dev -o requirements-dev.lock
ast-serialize==0.6.0
    # via mypy
attrs==26.1.0
    # via
    #   cattrs
    #   jsonschema
    #   lsprotocol
    #   pygls
    #   referencing
boolean-py==5.0
    # via license-expression
cachecontrol==0.14.4
    # via pip-audit
cattrs==26.1.0
    # via
    #   lsprotocol
    #   pygls
certifi==2026.7.22
    # via requests
cfgv==3.5.0
    # via pre-commit
charset-normalizer==3.5.1
    # via requests
click==8.4.2
    # via tods-validate (pyproject.toml)
coverage==7.15.0
    # via pytest-cov
cyclonedx-python-lib==11.12.0
    # via pip-audit
defusedxml==0.7.1
    # via py-serializable
distlib==0.4.3
    # via virtualenv
filelock==3.29.5
    # via
    #   cachecontrol
    #   python-discovery
    #   virtualenv
hypothesis==6.165.10
    # via tods-validate (pyproject.toml:dev)
identify==2.6.19
    # via pre-commit
idna==3.19
    # via requests
iniconfig==2.3.0
    # via pytest
jsonschema==4.26.0
    # via tods-validate (pyproject.toml:dev)
jsonschema-specifications==2025.9.1
    # via jsonschema
librt==0.12.0
    # via mypy
license-expression==30.4.4
    # via cyclonedx-python-lib
lsprotocol==2025.0.0
    # via pygls
markdown-it-py==4.2.0
    # via rich
mdurl==0.1.2
    # via markdown-it-py
msgpack==1.2.1
    # via cachecontrol
mypy==2.1.0
    # via tods-validate (pyproject.toml:dev)
mypy-extensions==1.1.0
    # via mypy
nodeenv==1.10.0
    # via pre-commit
packageurl-python==0.17.6
    # via cyclonedx-python-lib
packaging==26.2
    # via
    #   pip-audit
    #   pip-requirements-parser
    #   pytest
pathspec==1.1.1
    # via mypy
pip==26.2.1
    # via pip-api
pip-api==0.0.34
    # via pip-audit
pip-audit==2.10.1
    # via tods-validate (pyproject.toml:dev)
pip-requirements-parser==32.0.1
    # via pip-audit
platformdirs==4.10.0
    # via
    #   pip-audit
    #   python-discovery
    #   virtualenv
pluggy==1.6.0
    # via
    #   pytest
    #   pytest-cov
pre-commit==4.6.0
    # via tods-validate (pyproject.toml:dev)
py-serializable==2.1.0
    # via cyclonedx-python-lib
pygls==2.1.1
    # via tods-validate (pyproject.toml:dev)
pygments==2.20.0
    # via
    #   pytest
    #   rich
pyparsing==3.3.2
    # via pip-requirements-parser
pytest==9.1.1
    # via
    #   tods-validate (pyproject.toml:dev)
    #   pytest-cov
pytest-cov==7.1.0
    # via tods-validate (pyproject.toml:dev)
python-discovery==1.4.3
    # via virtualenv
pyyaml==6.0.3
    # via pre-commit
referencing==0.37.0
    # via
    #   jsonschema
    #   jsonschema-specifications
requests==2.34.2
    # via
    #   cachecontrol
    #   pip-audit
rich==15.0.0
    # via pip-audit
rpds-py==2026.6.3
    # via
    #   jsonschema
    #   referencing
ruff==0.15.20
    # via tods-validate (pyproject.toml:dev)
sortedcontainers==2.4.0
    # via
    #   cyclonedx-python-lib
    #   hypothesis
tomli==2.4.1
    # via pip-audit
tomli-w==1.2.0
    # via pip-audit
typing-extensions==4.16.0
    # via
    #   cattrs
    #   cyclonedx-python-lib
    #   mypy
    #   referencing
urllib3==2.7.0
    # via requests
virtualenv==21.5.1
    # via pre-commit
